
Microsoft Visual Studio Solution File, Format Version 12.00
# Visual Studio 14
VisualStudioVersion = 14.0.25420.1
MinimumVisualStudioVersion = 10.0.40219.1
Project("{FAE04EC0-301F-11D3-BF4B-00C04F79EFBC}") = "Slate", "Slate\Slate\Slate.csproj", "{76CE373D-7EF9-41E1-B4BF-9769D8B6C927}"
EndProject
Project("{FAE04EC0-301F-11D3-BF4B-00C04F79EFBC}") = "Slate.Droid", "Slate\Slate.Droid\Slate.Droid.csproj", "{D63CB387-A178-4577-B1A8-8C3F1520A278}"
EndProject
Project("{FAE04EC0-301F-11D3-BF4B-00C04F79EFBC}") = "Slate.iOS", "Slate\Slate.iOS\Slate.iOS.csproj", "{7F4B4540-F39C-4A0B-8DF2-75B5F494C49E}"
EndProject
Project("{FAE04EC0-301F-11D3-BF4B-00C04F79EFBC}") = "Slate.WinPhone", "Slate\Slate.WinPhone\Slate.WinPhone.csproj", "{1EF6FB0F-CA9C-47CF-8D10-98CD61BAA9FB}"
EndProject
Project("{FAE04EC0-301F-11D3-BF4B-00C04F79EFBC}") = "Slate.UWP", "Slate\Slate.UWP\Slate.UWP.csproj", "{0EEE7BB0-E6F3-4BB9-9480-34F7C892D6D1}"
EndProject
Project("{FAE04EC0-301F-11D3-BF4B-00C04F79EFBC}") = "Slate.Windows", "Slate\Slate.Windows\Slate.Windows.csproj", "{75973759-89EC-4C03-9222-259374E40B0C}"
EndProject
Global
	GlobalSection(SolutionConfigurationPlatforms) = preSolution
		Ad-Hoc|Any CPU = Ad-Hoc|Any CPU
		Ad-Hoc|ARM = Ad-Hoc|ARM
		Ad-Hoc|iPhone = Ad-Hoc|iPhone
		Ad-Hoc|iPhoneSimulator = Ad-Hoc|iPhoneSimulator
		Ad-Hoc|x64 = Ad-Hoc|x64
		Ad-Hoc|x86 = Ad-Hoc|x86
		AppStore|Any CPU = AppStore|Any CPU
		AppStore|ARM = AppStore|ARM
		AppStore|iPhone = AppStore|iPhone
		AppStore|iPhoneSimulator = AppStore|iPhoneSimulator
		AppStore|x64 = AppStore|x64
		AppStore|x86 = AppStore|x86
		Debug|Any CPU = Debug|Any CPU
		Debug|ARM = Debug|ARM
		Debug|iPhone = Debug|iPhone
		Debug|iPhoneSimulator = Debug|iPhoneSimulator
		Debug|x64 = Debug|x64
		Debug|x86 = Debug|x86
		Release|Any CPU = Release|Any CPU
		Release|ARM = Release|ARM
		Release|iPhone = Release|iPhone
		Release|iPhoneSimulator = Release|iPhoneSimulator
		Release|x64 = Release|x64
		Release|x86 = Release|x86
	EndGlobalSection
	GlobalSection(ProjectConfigurationPlatforms) = postSolution
		{76CE373D-7EF9-41E1-B4BF-9769D8B6C927}.Ad-Hoc|Any CPU.ActiveCfg = Release|Any CPU
		{76CE373D-7EF9-41E1-B4BF-9769D8B6C927}.Ad-Hoc|Any CPU.Build.0 = Release|Any CPU
		{76CE373D-7EF9-41E1-B4BF-9769D8B6C927}.Ad-Hoc|ARM.ActiveCfg = Release|Any CPU
		{76CE373D-7EF9-41E1-B4BF-9769D8B6C927}.Ad-Hoc|ARM.Build.0 = Release|Any CPU
		{76CE373D-7EF9-41E1-B4BF-9769D8B6C927}.Ad-Hoc|iPhone.ActiveCfg = Release|Any CPU
		{76CE373D-7EF9-41E1-B4BF-9769D8B6C927}.Ad-Hoc|iPhone.Build.0 = Release|Any CPU
		{76CE373D-7EF9-41E1-B4BF-9769D8B6C927}.Ad-Hoc|iPhoneSimulator.ActiveCfg = Release|Any CPU
		{76CE373D-7EF9-41E1-B4BF-9769D8B6C927}.Ad-Hoc|iPhoneSimulator.Build.0 = Release|Any CPU
		{76CE373D-7EF9-41E1-B4BF-9769D8B6C927}.Ad-Hoc|x64.ActiveCfg = Release|Any CPU
		{76CE373D-7EF9-41E1-B4BF-9769D8B6C927}.Ad-Hoc|x64.Build.0 = Release|Any CPU
		{76CE373D-7EF9-41E1-B4BF-9769D8B6C927}.Ad-Hoc|x86.ActiveCfg = Release|Any CPU
		{76CE373D-7EF9-41E1-B4BF-9769D8B6C927}.Ad-Hoc|x86.Build.0 = Release|Any CPU
		{76CE373D-7EF9-41E1-B4BF-9769D8B6C927}.AppStore|Any CPU.ActiveCfg = Release|Any CPU
		{76CE373D-7EF9-41E1-B4BF-9769D8B6C927}.AppStore|Any CPU.Build.0 = Release|Any CPU
		{76CE373D-7EF9-41E1-B4BF-9769D8B6C927}.AppStore|ARM.ActiveCfg = Release|Any CPU
		{76CE373D-7EF9-41E1-B4BF-9769D8B6C927}.AppStore|ARM.Build.0 = Release|Any CPU
		{76CE373D-7EF9-41E1-B4BF-9769D8B6C927}.AppStore|iPhone.ActiveCfg = Release|Any CPU
		{76CE373D-7EF9-41E1-B4BF-9769D8B6C927}.AppStore|iPhone.Build.0 = Release|Any CPU
		{76CE373D-7EF9-41E1-B4BF-9769D8B6C927}.AppStore|iPhoneSimulator.ActiveCfg = Release|Any CPU
		{76CE373D-7EF9-41E1-B4BF-9769D8B6C927}.AppStore|iPhoneSimulator.Build.0 = Release|Any CPU
		{76CE373D-7EF9-41E1-B4BF-9769D8B6C927}.AppStore|x64.ActiveCfg = Release|Any CPU
		{76CE373D-7EF9-41E1-B4BF-9769D8B6C927}.AppStore|x64.Build.0 = Release|Any CPU
		{76CE373D-7EF9-41E1-B4BF-9769D8B6C927}.AppStore|x86.ActiveCfg = Release|Any CPU
		{76CE373D-7EF9-41E1-B4BF-9769D8B6C927}.AppStore|x86.Build.0 = Release|Any CPU
		{76CE373D-7EF9-41E1-B4BF-9769D8B6C927}.Debug|Any CPU.ActiveCfg = Debug|Any CPU
		{76CE373D-7EF9-41E1-B4BF-9769D8B6C927}.Debug|Any CPU.Build.0 = Debug|Any CPU
		{76CE373D-7EF9-41E1-B4BF-9769D8B6C927}.Debug|ARM.ActiveCfg = Debug|Any CPU
		{76CE373D-7EF9-41E1-B4BF-9769D8B6C927}.Debug|ARM.Build.0 = Debug|Any CPU
		{76CE373D-7EF9-41E1-B4BF-9769D8B6C927}.Debug|iPhone.ActiveCfg = Debug|Any CPU
		{76CE373D-7EF9-41E1-B4BF-9769D8B6C927}.Debug|iPhone.Build.0 = Debug|Any CPU
		{76CE373D-7EF9-41E1-B4BF-9769D8B6C927}.Debug|iPhoneSimulator.ActiveCfg = Debug|Any CPU
		{76CE373D-7EF9-41E1-B4BF-9769D8B6C927}.Debug|iPhoneSimulator.Build.0 = Debug|Any CPU
		{76CE373D-7EF9-41E1-B4BF-9769D8B6C927}.Debug|x64.ActiveCfg = Debug|Any CPU
		{76CE373D-7EF9-41E1-B4BF-9769D8B6C927}.Debug|x64.Build.0 = Debug|Any CPU
		{76CE373D-7EF9-41E1-B4BF-9769D8B6C927}.Debug|x86.ActiveCfg = Debug|Any CPU
		{76CE373D-7EF9-41E1-B4BF-9769D8B6C927}.Debug|x86.Build.0 = Debug|Any CPU
		{76CE373D-7EF9-41E1-B4BF-9769D8B6C927}.Release|Any CPU.ActiveCfg = Release|Any CPU
		{76CE373D-7EF9-41E1-B4BF-9769D8B6C927}.Release|Any CPU.Build.0 = Release|Any CPU
		{76CE373D-7EF9-41E1-B4BF-9769D8B6C927}.Release|ARM.ActiveCfg = Release|Any CPU
		{76CE373D-7EF9-41E1-B4BF-9769D8B6C927}.Release|ARM.Build.0 = Release|Any CPU
		{76CE373D-7EF9-41E1-B4BF-9769D8B6C927}.Release|iPhone.ActiveCfg = Release|Any CPU
		{76CE373D-7EF9-41E1-B4BF-9769D8B6C927}.Release|iPhone.Build.0 = Release|Any CPU
		{76CE373D-7EF9-41E1-B4BF-9769D8B6C927}.Release|iPhoneSimulator.ActiveCfg = Release|Any CPU
		{76CE373D-7EF9-41E1-B4BF-9769D8B6C927}.Release|iPhoneSimulator.Build.0 = Release|Any CPU
		{76CE373D-7EF9-41E1-B4BF-9769D8B6C927}.Release|x64.ActiveCfg = Release|Any CPU
		{76CE373D-7EF9-41E1-B4BF-9769D8B6C927}.Release|x64.Build.0 = Release|Any CPU
		{76CE373D-7EF9-41E1-B4BF-9769D8B6C927}.Release|x86.ActiveCfg = Release|Any CPU
		{76CE373D-7EF9-41E1-B4BF-9769D8B6C927}.Release|x86.Build.0 = Release|Any CPU
		{D63CB387-A178-4577-B1A8-8C3F1520A278}.Ad-Hoc|Any CPU.ActiveCfg = Release|Any CPU
		{D63CB387-A178-4577-B1A8-8C3F1520A278}.Ad-Hoc|Any CPU.Build.0 = Release|Any CPU
		{D63CB387-A178-4577-B1A8-8C3F1520A278}.Ad-Hoc|Any CPU.Deploy.0 = Release|Any CPU
		{D63CB387-A178-4577-B1A8-8C3F1520A278}.Ad-Hoc|ARM.ActiveCfg = Release|Any CPU
		{D63CB387-A178-4577-B1A8-8C3F1520A278}.Ad-Hoc|ARM.Build.0 = Release|Any CPU
		{D63CB387-A178-4577-B1A8-8C3F1520A278}.Ad-Hoc|ARM.Deploy.0 = Release|Any CPU
		{D63CB387-A178-4577-B1A8-8C3F1520A278}.Ad-Hoc|iPhone.ActiveCfg = Release|Any CPU
		{D63CB387-A178-4577-B1A8-8C3F1520A278}.Ad-Hoc|iPhone.Build.0 = Release|Any CPU
		{D63CB387-A178-4577-B1A8-8C3F1520A278}.Ad-Hoc|iPhone.Deploy.0 = Release|Any CPU
		{D63CB387-A178-4577-B1A8-8C3F1520A278}.Ad-Hoc|iPhoneSimulator.ActiveCfg = Release|Any CPU
		{D63CB387-A178-4577-B1A8-8C3F1520A278}.Ad-Hoc|iPhoneSimulator.Build.0 = Release|Any CPU
		{D63CB387-A178-4577-B1A8-8C3F1520A278}.Ad-Hoc|iPhoneSimulator.Deploy.0 = Release|Any CPU
		{D63CB387-A178-4577-B1A8-8C3F1520A278}.Ad-Hoc|x64.ActiveCfg = Release|Any CPU
		{D63CB387-A178-4577-B1A8-8C3F1520A278}.Ad-Hoc|x64.Build.0 = Release|Any CPU
		{D63CB387-A178-4577-B1A8-8C3F1520A278}.Ad-Hoc|x64.Deploy.0 = Release|Any CPU
		{D63CB387-A178-4577-B1A8-8C3F1520A278}.Ad-Hoc|x86.ActiveCfg = Release|Any CPU
		{D63CB387-A178-4577-B1A8-8C3F1520A278}.Ad-Hoc|x86.Build.0 = Release|Any CPU
		{D63CB387-A178-4577-B1A8-8C3F1520A278}.Ad-Hoc|x86.Deploy.0 = Release|Any CPU
		{D63CB387-A178-4577-B1A8-8C3F1520A278}.AppStore|Any CPU.ActiveCfg = Release|Any CPU
		{D63CB387-A178-4577-B1A8-8C3F1520A278}.AppStore|Any CPU.Build.0 = Release|Any CPU
		{D63CB387-A178-4577-B1A8-8C3F1520A278}.AppStore|Any CPU.Deploy.0 = Release|Any CPU
		{D63CB387-A178-4577-B1A8-8C3F1520A278}.AppStore|ARM.ActiveCfg = Release|Any CPU
		{D63CB387-A178-4577-B1A8-8C3F1520A278}.AppStore|ARM.Build.0 = Release|Any CPU
		{D63CB387-A178-4577-B1A8-8C3F1520A278}.AppStore|ARM.Deploy.0 = Release|Any CPU
		{D63CB387-A178-4577-B1A8-8C3F1520A278}.AppStore|iPhone.ActiveCfg = Release|Any CPU
		{D63CB387-A178-4577-B1A8-8C3F1520A278}.AppStore|iPhone.Build.0 = Release|Any CPU
		{D63CB387-A178-4577-B1A8-8C3F1520A278}.AppStore|iPhone.Deploy.0 = Release|Any CPU
		{D63CB387-A178-4577-B1A8-8C3F1520A278}.AppStore|iPhoneSimulator.ActiveCfg = Release|Any CPU
		{D63CB387-A178-4577-B1A8-8C3F1520A278}.AppStore|iPhoneSimulator.Build.0 = Release|Any CPU
		{D63CB387-A178-4577-B1A8-8C3F1520A278}.AppStore|iPhoneSimulator.Deploy.0 = Release|Any CPU
		{D63CB387-A178-4577-B1A8-8C3F1520A278}.AppStore|x64.ActiveCfg = Release|Any CPU
		{D63CB387-A178-4577-B1A8-8C3F1520A278}.AppStore|x64.Build.0 = Release|Any CPU
		{D63CB387-A178-4577-B1A8-8C3F1520A278}.AppStore|x64.Deploy.0 = Release|Any CPU
		{D63CB387-A178-4577-B1A8-8C3F1520A278}.AppStore|x86.ActiveCfg = Release|Any CPU
		{D63CB387-A178-4577-B1A8-8C3F1520A278}.AppStore|x86.Build.0 = Release|Any CPU
		{D63CB387-A178-4577-B1A8-8C3F1520A278}.AppStore|x86.Deploy.0 = Release|Any CPU
		{D63CB387-A178-4577-B1A8-8C3F1520A278}.Debug|Any CPU.ActiveCfg = Debug|Any CPU
		{D63CB387-A178-4577-B1A8-8C3F1520A278}.Debug|Any CPU.Build.0 = Debug|Any CPU
		{D63CB387-A178-4577-B1A8-8C3F1520A278}.Debug|Any CPU.Deploy.0 = Debug|Any CPU
		{D63CB387-A178-4577-B1A8-8C3F1520A278}.Debug|ARM.ActiveCfg = Debug|Any CPU
		{D63CB387-A178-4577-B1A8-8C3F1520A278}.Debug|ARM.Build.0 = Debug|Any CPU
		{D63CB387-A178-4577-B1A8-8C3F1520A278}.Debug|ARM.Deploy.0 = Debug|Any CPU
		{D63CB387-A178-4577-B1A8-8C3F1520A278}.Debug|iPhone.ActiveCfg = Debug|Any CPU
		{D63CB387-A178-4577-B1A8-8C3F1520A278}.Debug|iPhone.Build.0 = Debug|Any CPU
		{D63CB387-A178-4577-B1A8-8C3F1520A278}.Debug|iPhone.Deploy.0 = Debug|Any CPU
		{D63CB387-A178-4577-B1A8-8C3F1520A278}.Debug|iPhoneSimulator.ActiveCfg = Debug|Any CPU
		{D63CB387-A178-4577-B1A8-8C3F1520A278}.Debug|iPhoneSimulator.Build.0 = Debug|Any CPU
		{D63CB387-A178-4577-B1A8-8C3F1520A278}.Debug|iPhoneSimulator.Deploy.0 = Debug|Any CPU
		{D63CB387-A178-4577-B1A8-8C3F1520A278}.Debug|x64.ActiveCfg = Debug|Any CPU
		{D63CB387-A178-4577-B1A8-8C3F1520A278}.Debug|x64.Build.0 = Debug|Any CPU
		{D63CB387-A178-4577-B1A8-8C3F1520A278}.Debug|x64.Deploy.0 = Debug|Any CPU
		{D63CB387-A178-4577-B1A8-8C3F1520A278}.Debug|x86.ActiveCfg = Debug|Any CPU
		{D63CB387-A178-4577-B1A8-8C3F1520A278}.Debug|x86.Build.0 = Debug|Any CPU
		{D63CB387-A178-4577-B1A8-8C3F1520A278}.Debug|x86.Deploy.0 = Debug|Any CPU
		{D63CB387-A178-4577-B1A8-8C3F1520A278}.Release|Any CPU.ActiveCfg = Release|Any CPU
		{D63CB387-A178-4577-B1A8-8C3F1520A278}.Release|Any CPU.Build.0 = Release|Any CPU
		{D63CB387-A178-4577-B1A8-8C3F1520A278}.Release|Any CPU.Deploy.0 = Release|Any CPU
		{D63CB387-A178-4577-B1A8-8C3F1520A278}.Release|ARM.ActiveCfg = Release|Any CPU
		{D63CB387-A178-4577-B1A8-8C3F1520A278}.Release|ARM.Build.0 = Release|Any CPU
		{D63CB387-A178-4577-B1A8-8C3F1520A278}.Release|ARM.Deploy.0 = Release|Any CPU
		{D63CB387-A178-4577-B1A8-8C3F1520A278}.Release|iPhone.ActiveCfg = Release|Any CPU
		{D63CB387-A178-4577-B1A8-8C3F1520A278}.Release|iPhone.Build.0 = Release|Any CPU
		{D63CB387-A178-4577-B1A8-8C3F1520A278}.Release|iPhone.Deploy.0 = Release|Any CPU
		{D63CB387-A178-4577-B1A8-8C3F1520A278}.Release|iPhoneSimulator.ActiveCfg = Release|Any CPU
		{D63CB387-A178-4577-B1A8-8C3F1520A278}.Release|iPhoneSimulator.Build.0 = Release|Any CPU
		{D63CB387-A178-4577-B1A8-8C3F1520A278}.Release|iPhoneSimulator.Deploy.0 = Release|Any CPU
		{D63CB387-A178-4577-B1A8-8C3F1520A278}.Release|x64.ActiveCfg = Release|Any CPU
		{D63CB387-A178-4577-B1A8-8C3F1520A278}.Release|x64.Build.0 = Release|Any CPU
		{D63CB387-A178-4577-B1A8-8C3F1520A278}.Release|x64.Deploy.0 = Release|Any CPU
		{D63CB387-A178-4577-B1A8-8C3F1520A278}.Release|x86.ActiveCfg = Release|Any CPU
		{D63CB387-A178-4577-B1A8-8C3F1520A278}.Release|x86.Build.0 = Release|Any CPU
		{D63CB387-A178-4577-B1A8-8C3F1520A278}.Release|x86.Deploy.0 = Release|Any CPU
		{7F4B4540-F39C-4A0B-8DF2-75B5F494C49E}.Ad-Hoc|Any CPU.ActiveCfg = Ad-Hoc|iPhone
		{7F4B4540-F39C-4A0B-8DF2-75B5F494C49E}.Ad-Hoc|ARM.ActiveCfg = Ad-Hoc|iPhone
		{7F4B4540-F39C-4A0B-8DF2-75B5F494C49E}.Ad-Hoc|iPhone.ActiveCfg = Ad-Hoc|iPhone
		{7F4B4540-F39C-4A0B-8DF2-75B5F494C49E}.Ad-Hoc|iPhone.Build.0 = Ad-Hoc|iPhone
		{7F4B4540-F39C-4A0B-8DF2-75B5F494C49E}.Ad-Hoc|iPhoneSimulator.ActiveCfg = Ad-Hoc|iPhoneSimulator
		{7F4B4540-F39C-4A0B-8DF2-75B5F494C49E}.Ad-Hoc|iPhoneSimulator.Build.0 = Ad-Hoc|iPhoneSimulator
		{7F4B4540-F39C-4A0B-8DF2-75B5F494C49E}.Ad-Hoc|x64.ActiveCfg = Ad-Hoc|iPhone
		{7F4B4540-F39C-4A0B-8DF2-75B5F494C49E}.Ad-Hoc|x86.ActiveCfg = Ad-Hoc|iPhone
		{7F4B4540-F39C-4A0B-8DF2-75B5F494C49E}.AppStore|Any CPU.ActiveCfg = AppStore|iPhone
		{7F4B4540-F39C-4A0B-8DF2-75B5F494C49E}.AppStore|ARM.ActiveCfg = AppStore|iPhone
		{7F4B4540-F39C-4A0B-8DF2-75B5F494C49E}.AppStore|iPhone.ActiveCfg = AppStore|iPhone
		{7F4B4540-F39C-4A0B-8DF2-75B5F494C49E}.AppStore|iPhone.Build.0 = AppStore|iPhone
		{7F4B4540-F39C-4A0B-8DF2-75B5F494C49E}.AppStore|iPhoneSimulator.ActiveCfg = AppStore|iPhoneSimulator
		{7F4B4540-F39C-4A0B-8DF2-75B5F494C49E}.AppStore|iPhoneSimulator.Build.0 = AppStore|iPhoneSimulator
		{7F4B4540-F39C-4A0B-8DF2-75B5F494C49E}.AppStore|x64.ActiveCfg = AppStore|iPhone
		{7F4B4540-F39C-4A0B-8DF2-75B5F494C49E}.AppStore|x86.ActiveCfg = AppStore|iPhone
		{7F4B4540-F39C-4A0B-8DF2-75B5F494C49E}.Debug|Any CPU.ActiveCfg = Debug|iPhone
		{7F4B4540-F39C-4A0B-8DF2-75B5F494C49E}.Debug|ARM.ActiveCfg = Debug|iPhone
		{7F4B4540-F39C-4A0B-8DF2-75B5F494C49E}.Debug|iPhone.ActiveCfg = Debug|iPhone
		{7F4B4540-F39C-4A0B-8DF2-75B5F494C49E}.Debug|iPhone.Build.0 = Debug|iPhone
		{7F4B4540-F39C-4A0B-8DF2-75B5F494C49E}.Debug|iPhoneSimulator.ActiveCfg = Debug|iPhoneSimulator
		{7F4B4540-F39C-4A0B-8DF2-75B5F494C49E}.Debug|iPhoneSimulator.Build.0 = Debug|iPhoneSimulator
		{7F4B4540-F39C-4A0B-8DF2-75B5F494C49E}.Debug|x64.ActiveCfg = Debug|iPhone
		{7F4B4540-F39C-4A0B-8DF2-75B5F494C49E}.Debug|x86.ActiveCfg = Debug|iPhone
		{7F4B4540-F39C-4A0B-8DF2-75B5F494C49E}.Release|Any CPU.ActiveCfg = Release|iPhone
		{7F4B4540-F39C-4A0B-8DF2-75B5F494C49E}.Release|ARM.ActiveCfg = Release|iPhone
		{7F4B4540-F39C-4A0B-8DF2-75B5F494C49E}.Release|iPhone.ActiveCfg = Release|iPhone
		{7F4B4540-F39C-4A0B-8DF2-75B5F494C49E}.Release|iPhone.Build.0 = Release|iPhone
		{7F4B4540-F39C-4A0B-8DF2-75B5F494C49E}.Release|iPhoneSimulator.ActiveCfg = Release|iPhoneSimulator
		{7F4B4540-F39C-4A0B-8DF2-75B5F494C49E}.Release|iPhoneSimulator.Build.0 = Release|iPhoneSimulator
		{7F4B4540-F39C-4A0B-8DF2-75B5F494C49E}.Release|x64.ActiveCfg = Release|iPhone
		{7F4B4540-F39C-4A0B-8DF2-75B5F494C49E}.Release|x86.ActiveCfg = Release|iPhone
		{1EF6FB0F-CA9C-47CF-8D10-98CD61BAA9FB}.Ad-Hoc|Any CPU.ActiveCfg = Release|Any CPU
		{1EF6FB0F-CA9C-47CF-8D10-98CD61BAA9FB}.Ad-Hoc|Any CPU.Build.0 = Release|Any CPU
		{1EF6FB0F-CA9C-47CF-8D10-98CD61BAA9FB}.Ad-Hoc|Any CPU.Deploy.0 = Release|Any CPU
		{1EF6FB0F-CA9C-47CF-8D10-98CD61BAA9FB}.Ad-Hoc|ARM.ActiveCfg = Release|ARM
		{1EF6FB0F-CA9C-47CF-8D10-98CD61BAA9FB}.Ad-Hoc|ARM.Build.0 = Release|ARM
		{1EF6FB0F-CA9C-47CF-8D10-98CD61BAA9FB}.Ad-Hoc|ARM.Deploy.0 = Release|ARM
		{1EF6FB0F-CA9C-47CF-8D10-98CD61BAA9FB}.Ad-Hoc|iPhone.ActiveCfg = Release|Any CPU
		{1EF6FB0F-CA9C-47CF-8D10-98CD61BAA9FB}.Ad-Hoc|iPhone.Build.0 = Release|Any CPU
		{1EF6FB0F-CA9C-47CF-8D10-98CD61BAA9FB}.Ad-Hoc|iPhone.Deploy.0 = Release|Any CPU
		{1EF6FB0F-CA9C-47CF-8D10-98CD61BAA9FB}.Ad-Hoc|iPhoneSimulator.ActiveCfg = Release|Any CPU
		{1EF6FB0F-CA9C-47CF-8D10-98CD61BAA9FB}.Ad-Hoc|iPhoneSimulator.Build.0 = Release|Any CPU
		{1EF6FB0F-CA9C-47CF-8D10-98CD61BAA9FB}.Ad-Hoc|iPhoneSimulator.Deploy.0 = Release|Any CPU
		{1EF6FB0F-CA9C-47CF-8D10-98CD61BAA9FB}.Ad-Hoc|x64.ActiveCfg = Release|Any CPU
		{1EF6FB0F-CA9C-47CF-8D10-98CD61BAA9FB}.Ad-Hoc|x64.Build.0 = Release|Any CPU
		{1EF6FB0F-CA9C-47CF-8D10-98CD61BAA9FB}.Ad-Hoc|x64.Deploy.0 = Release|Any CPU
		{1EF6FB0F-CA9C-47CF-8D10-98CD61BAA9FB}.Ad-Hoc|x86.ActiveCfg = Release|x86
		{1EF6FB0F-CA9C-47CF-8D10-98CD61BAA9FB}.Ad-Hoc|x86.Build.0 = Release|x86
		{1EF6FB0F-CA9C-47CF-8D10-98CD61BAA9FB}.Ad-Hoc|x86.Deploy.0 = Release|x86
		{1EF6FB0F-CA9C-47CF-8D10-98CD61BAA9FB}.AppStore|Any CPU.ActiveCfg = Release|Any CPU
		{1EF6FB0F-CA9C-47CF-8D10-98CD61BAA9FB}.AppStore|Any CPU.Build.0 = Release|Any CPU
		{1EF6FB0F-CA9C-47CF-8D10-98CD61BAA9FB}.AppStore|Any CPU.Deploy.0 = Release|Any CPU
		{1EF6FB0F-CA9C-47CF-8D10-98CD61BAA9FB}.AppStore|ARM.ActiveCfg = Release|ARM
		{1EF6FB0F-CA9C-47CF-8D10-98CD61BAA9FB}.AppStore|ARM.Build.0 = Release|ARM
		{1EF6FB0F-CA9C-47CF-8D10-98CD61BAA9FB}.AppStore|ARM.Deploy.0 = Release|ARM
		{1EF6FB0F-CA9C-47CF-8D10-98CD61BAA9FB}.AppStore|iPhone.ActiveCfg = Release|Any CPU
		{1EF6FB0F-CA9C-47CF-8D10-98CD61BAA9FB}.AppStore|iPhone.Build.0 = Release|Any CPU
		{1EF6FB0F-CA9C-47CF-8D10-98CD61BAA9FB}.AppStore|iPhone.Deploy.0 = Release|Any CPU
		{1EF6FB0F-CA9C-47CF-8D10-98CD61BAA9FB}.AppStore|iPhoneSimulator.ActiveCfg = Release|Any CPU
		{1EF6FB0F-CA9C-47CF-8D10-98CD61BAA9FB}.AppStore|iPhoneSimulator.Build.0 = Release|Any CPU
		{1EF6FB0F-CA9C-47CF-8D10-98CD61BAA9FB}.AppStore|iPhoneSimulator.Deploy.0 = Release|Any CPU
		{1EF6FB0F-CA9C-47CF-8D10-98CD61BAA9FB}.AppStore|x64.ActiveCfg = Release|Any CPU
		{1EF6FB0F-CA9C-47CF-8D10-98CD61BAA9FB}.AppStore|x64.Build.0 = Release|Any CPU
		{1EF6FB0F-CA9C-47CF-8D10-98CD61BAA9FB}.AppStore|x64.Deploy.0 = Release|Any CPU
		{1EF6FB0F-CA9C-47CF-8D10-98CD61BAA9FB}.AppStore|x86.ActiveCfg = Release|x86
		{1EF6FB0F-CA9C-47CF-8D10-98CD61BAA9FB}.AppStore|x86.Build.0 = Release|x86
		{1EF6FB0F-CA9C-47CF-8D10-98CD61BAA9FB}.AppStore|x86.Deploy.0 = Release|x86
		{1EF6FB0F-CA9C-47CF-8D10-98CD61BAA9FB}.Debug|Any CPU.ActiveCfg = Debug|Any CPU
		{1EF6FB0F-CA9C-47CF-8D10-98CD61BAA9FB}.Debug|Any CPU.Build.0 = Debug|Any CPU
		{1EF6FB0F-CA9C-47CF-8D10-98CD61BAA9FB}.Debug|Any CPU.Deploy.0 = Debug|Any CPU
		{1EF6FB0F-CA9C-47CF-8D10-98CD61BAA9FB}.Debug|ARM.ActiveCfg = Debug|ARM
		{1EF6FB0F-CA9C-47CF-8D10-98CD61BAA9FB}.Debug|ARM.Build.0 = Debug|ARM
		{1EF6FB0F-CA9C-47CF-8D10-98CD61BAA9FB}.Debug|ARM.Deploy.0 = Debug|ARM
		{1EF6FB0F-CA9C-47CF-8D10-98CD61BAA9FB}.Debug|iPhone.ActiveCfg = Debug|Any CPU
		{1EF6FB0F-CA9C-47CF-8D10-98CD61BAA9FB}.Debug|iPhone.Build.0 = Debug|Any CPU
		{1EF6FB0F-CA9C-47CF-8D10-98CD61BAA9FB}.Debug|iPhone.Deploy.0 = Debug|Any CPU
		{1EF6FB0F-CA9C-47CF-8D10-98CD61BAA9FB}.Debug|iPhoneSimulator.ActiveCfg = Debug|Any CPU
		{1EF6FB0F-CA9C-47CF-8D10-98CD61BAA9FB}.Debug|iPhoneSimulator.Build.0 = Debug|Any CPU
		{1EF6FB0F-CA9C-47CF-8D10-98CD61BAA9FB}.Debug|iPhoneSimulator.Deploy.0 = Debug|Any CPU
		{1EF6FB0F-CA9C-47CF-8D10-98CD61BAA9FB}.Debug|x64.ActiveCfg = Debug|Any CPU
		{1EF6FB0F-CA9C-47CF-8D10-98CD61BAA9FB}.Debug|x64.Build.0 = Debug|Any CPU
		{1EF6FB0F-CA9C-47CF-8D10-98CD61BAA9FB}.Debug|x64.Deploy.0 = Debug|Any CPU
		{1EF6FB0F-CA9C-47CF-8D10-98CD61BAA9FB}.Debug|x86.ActiveCfg = Debug|x86
		{1EF6FB0F-CA9C-47CF-8D10-98CD61BAA9FB}.Debug|x86.Build.0 = Debug|x86
		{1EF6FB0F-CA9C-47CF-8D10-98CD61BAA9FB}.Debug|x86.Deploy.0 = Debug|x86
		{1EF6FB0F-CA9C-47CF-8D10-98CD61BAA9FB}.Release|Any CPU.ActiveCfg = Release|Any CPU
		{1EF6FB0F-CA9C-47CF-8D10-98CD61BAA9FB}.Release|Any CPU.Build.0 = Release|Any CPU
		{1EF6FB0F-CA9C-47CF-8D10-98CD61BAA9FB}.Release|Any CPU.Deploy.0 = Release|Any CPU
		{1EF6FB0F-CA9C-47CF-8D10-98CD61BAA9FB}.Release|ARM.ActiveCfg = Release|ARM
		{1EF6FB0F-CA9C-47CF-8D10-98CD61BAA9FB}.Release|ARM.Build.0 = Release|ARM
		{1EF6FB0F-CA9C-47CF-8D10-98CD61BAA9FB}.Release|ARM.Deploy.0 = Release|ARM
		{1EF6FB0F-CA9C-47CF-8D10-98CD61BAA9FB}.Release|iPhone.ActiveCfg = Release|Any CPU
		{1EF6FB0F-CA9C-47CF-8D10-98CD61BAA9FB}.Release|iPhone.Build.0 = Release|Any CPU
		{1EF6FB0F-CA9C-47CF-8D10-98CD61BAA9FB}.Release|iPhone.Deploy.0 = Release|Any CPU
		{1EF6FB0F-CA9C-47CF-8D10-98CD61BAA9FB}.Release|iPhoneSimulator.ActiveCfg = Release|Any CPU
		{1EF6FB0F-CA9C-47CF-8D10-98CD61BAA9FB}.Release|iPhoneSimulator.Build.0 = Release|Any CPU
		{1EF6FB0F-CA9C-47CF-8D10-98CD61BAA9FB}.Release|iPhoneSimulator.Deploy.0 = Release|Any CPU
		{1EF6FB0F-CA9C-47CF-8D10-98CD61BAA9FB}.Release|x64.ActiveCfg = Release|Any CPU
		{1EF6FB0F-CA9C-47CF-8D10-98CD61BAA9FB}.Release|x64.Build.0 = Release|Any CPU
		{1EF6FB0F-CA9C-47CF-8D10-98CD61BAA9FB}.Release|x64.Deploy.0 = Release|Any CPU
		{1EF6FB0F-CA9C-47CF-8D10-98CD61BAA9FB}.Release|x86.ActiveCfg = Release|x86
		{1EF6FB0F-CA9C-47CF-8D10-98CD61BAA9FB}.Release|x86.Build.0 = Release|x86
		{1EF6FB0F-CA9C-47CF-8D10-98CD61BAA9FB}.Release|x86.Deploy.0 = Release|x86
		{0EEE7BB0-E6F3-4BB9-9480-34F7C892D6D1}.Ad-Hoc|Any CPU.ActiveCfg = Release|x86
		{0EEE7BB0-E6F3-4BB9-9480-34F7C892D6D1}.Ad-Hoc|Any CPU.Build.0 = Release|x86
		{0EEE7BB0-E6F3-4BB9-9480-34F7C892D6D1}.Ad-Hoc|Any CPU.Deploy.0 = Release|x86
		{0EEE7BB0-E6F3-4BB9-9480-34F7C892D6D1}.Ad-Hoc|ARM.ActiveCfg = Release|ARM
		{0EEE7BB0-E6F3-4BB9-9480-34F7C892D6D1}.Ad-Hoc|ARM.Build.0 = Release|ARM
		{0EEE7BB0-E6F3-4BB9-9480-34F7C892D6D1}.Ad-Hoc|ARM.Deploy.0 = Release|ARM
		{0EEE7BB0-E6F3-4BB9-9480-34F7C892D6D1}.Ad-Hoc|iPhone.ActiveCfg = Release|x86
		{0EEE7BB0-E6F3-4BB9-9480-34F7C892D6D1}.Ad-Hoc|iPhone.Build.0 = Release|x86
		{0EEE7BB0-E6F3-4BB9-9480-34F7C892D6D1}.Ad-Hoc|iPhone.Deploy.0 = Release|x86
		{0EEE7BB0-E6F3-4BB9-9480-34F7C892D6D1}.Ad-Hoc|iPhoneSimulator.ActiveCfg = Release|x86
		{0EEE7BB0-E6F3-4BB9-9480-34F7C892D6D1}.Ad-Hoc|iPhoneSimulator.Build.0 = Release|x86
		{0EEE7BB0-E6F3-4BB9-9480-34F7C892D6D1}.Ad-Hoc|iPhoneSimulator.Deploy.0 = Release|x86
		{0EEE7BB0-E6F3-4BB9-9480-34F7C892D6D1}.Ad-Hoc|x64.ActiveCfg = Release|x64
		{0EEE7BB0-E6F3-4BB9-9480-34F7C892D6D1}.Ad-Hoc|x64.Build.0 = Release|x64
		{0EEE7BB0-E6F3-4BB9-9480-34F7C892D6D1}.Ad-Hoc|x64.Deploy.0 = Release|x64
		{0EEE7BB0-E6F3-4BB9-9480-34F7C892D6D1}.Ad-Hoc|x86.ActiveCfg = Release|x86
		{0EEE7BB0-E6F3-4BB9-9480-34F7C892D6D1}.Ad-Hoc|x86.Build.0 = Release|x86
		{0EEE7BB0-E6F3-4BB9-9480-34F7C892D6D1}.Ad-Hoc|x86.Deploy.0 = Release|x86
		{0EEE7BB0-E6F3-4BB9-9480-34F7C892D6D1}.AppStore|Any CPU.ActiveCfg = Release|x86
		{0EEE7BB0-E6F3-4BB9-9480-34F7C892D6D1}.AppStore|Any CPU.Build.0 = Release|x86
		{0EEE7BB0-E6F3-4BB9-9480-34F7C892D6D1}.AppStore|Any CPU.Deploy.0 = Release|x86
		{0EEE7BB0-E6F3-4BB9-9480-34F7C892D6D1}.AppStore|ARM.ActiveCfg = Release|ARM
		{0EEE7BB0-E6F3-4BB9-9480-34F7C892D6D1}.AppStore|ARM.Build.0 = Release|ARM
		{0EEE7BB0-E6F3-4BB9-9480-34F7C892D6D1}.AppStore|ARM.Deploy.0 = Release|ARM
		{0EEE7BB0-E6F3-4BB9-9480-34F7C892D6D1}.AppStore|iPhone.ActiveCfg = Release|x86
		{0EEE7BB0-E6F3-4BB9-9480-34F7C892D6D1}.AppStore|iPhone.Build.0 = Release|x86
		{0EEE7BB0-E6F3-4BB9-9480-34F7C892D6D1}.AppStore|iPhone.Deploy.0 = Release|x86
		{0EEE7BB0-E6F3-4BB9-9480-34F7C892D6D1}.AppStore|iPhoneSimulator.ActiveCfg = Release|x86
		{0EEE7BB0-E6F3-4BB9-9480-34F7C892D6D1}.AppStore|iPhoneSimulator.Build.0 = Release|x86
		{0EEE7BB0-E6F3-4BB9-9480-34F7C892D6D1}.AppStore|iPhoneSimulator.Deploy.0 = Release|x86
		{0EEE7BB0-E6F3-4BB9-9480-34F7C892D6D1}.AppStore|x64.ActiveCfg = Release|x64
		{0EEE7BB0-E6F3-4BB9-9480-34F7C892D6D1}.AppStore|x64.Build.0 = Release|x64
		{0EEE7BB0-E6F3-4BB9-9480-34F7C892D6D1}.AppStore|x64.Deploy.0 = Release|x64
		{0EEE7BB0-E6F3-4BB9-9480-34F7C892D6D1}.AppStore|x86.ActiveCfg = Release|x86
		{0EEE7BB0-E6F3-4BB9-9480-34F7C892D6D1}.AppStore|x86.Build.0 = Release|x86
		{0EEE7BB0-E6F3-4BB9-9480-34F7C892D6D1}.AppStore|x86.Deploy.0 = Release|x86
		{0EEE7BB0-E6F3-4BB9-9480-34F7C892D6D1}.Debug|Any CPU.ActiveCfg = Debug|x86
		{0EEE7BB0-E6F3-4BB9-9480-34F7C892D6D1}.Debug|ARM.ActiveCfg = Debug|ARM
		{0EEE7BB0-E6F3-4BB9-9480-34F7C892D6D1}.Debug|ARM.Build.0 = Debug|ARM
		{0EEE7BB0-E6F3-4BB9-9480-34F7C892D6D1}.Debug|ARM.Deploy.0 = Debug|ARM
		{0EEE7BB0-E6F3-4BB9-9480-34F7C892D6D1}.Debug|iPhone.ActiveCfg = Debug|x86
		{0EEE7BB0-E6F3-4BB9-9480-34F7C892D6D1}.Debug|iPhoneSimulator.ActiveCfg = Debug|x86
		{0EEE7BB0-E6F3-4BB9-9480-34F7C892D6D1}.Debug|x64.ActiveCfg = Debug|x64
		{0EEE7BB0-E6F3-4BB9-9480-34F7C892D6D1}.Debug|x64.Build.0 = Debug|x64
		{0EEE7BB0-E6F3-4BB9-9480-34F7C892D6D1}.Debug|x64.Deploy.0 = Debug|x64
		{0EEE7BB0-E6F3-4BB9-9480-34F7C892D6D1}.Debug|x86.ActiveCfg = Debug|x86
		{0EEE7BB0-E6F3-4BB9-9480-34F7C892D6D1}.Debug|x86.Build.0 = Debug|x86
		{0EEE7BB0-E6F3-4BB9-9480-34F7C892D6D1}.Debug|x86.Deploy.0 = Debug|x86
		{0EEE7BB0-E6F3-4BB9-9480-34F7C892D6D1}.Release|Any CPU.ActiveCfg = Release|x86
		{0EEE7BB0-E6F3-4BB9-9480-34F7C892D6D1}.Release|ARM.ActiveCfg = Release|ARM
		{0EEE7BB0-E6F3-4BB9-9480-34F7C892D6D1}.Release|ARM.Build.0 = Release|ARM
		{0EEE7BB0-E6F3-4BB9-9480-34F7C892D6D1}.Release|ARM.Deploy.0 = Release|ARM
		{0EEE7BB0-E6F3-4BB9-9480-34F7C892D6D1}.Release|iPhone.ActiveCfg = Release|x86
		{0EEE7BB0-E6F3-4BB9-9480-34F7C892D6D1}.Release|iPhoneSimulator.ActiveCfg = Release|x86
		{0EEE7BB0-E6F3-4BB9-9480-34F7C892D6D1}.Release|x64.ActiveCfg = Release|x64
		{0EEE7BB0-E6F3-4BB9-9480-34F7C892D6D1}.Release|x64.Build.0 = Release|x64
		{0EEE7BB0-E6F3-4BB9-9480-34F7C892D6D1}.Release|x64.Deploy.0 = Release|x64
		{0EEE7BB0-E6F3-4BB9-9480-34F7C892D6D1}.Release|x86.ActiveCfg = Release|x86
		{0EEE7BB0-E6F3-4BB9-9480-34F7C892D6D1}.Release|x86.Build.0 = Release|x86
		{0EEE7BB0-E6F3-4BB9-9480-34F7C892D6D1}.Release|x86.Deploy.0 = Release|x86
		{75973759-89EC-4C03-9222-259374E40B0C}.Ad-Hoc|Any CPU.ActiveCfg = Release|Any CPU
		{75973759-89EC-4C03-9222-259374E40B0C}.Ad-Hoc|Any CPU.Build.0 = Release|Any CPU
		{75973759-89EC-4C03-9222-259374E40B0C}.Ad-Hoc|Any CPU.Deploy.0 = Release|Any CPU
		{75973759-89EC-4C03-9222-259374E40B0C}.Ad-Hoc|ARM.ActiveCfg = Release|ARM
		{75973759-89EC-4C03-9222-259374E40B0C}.Ad-Hoc|ARM.Build.0 = Release|ARM
		{75973759-89EC-4C03-9222-259374E40B0C}.Ad-Hoc|ARM.Deploy.0 = Release|ARM
		{75973759-89EC-4C03-9222-259374E40B0C}.Ad-Hoc|iPhone.ActiveCfg = Release|Any CPU
		{75973759-89EC-4C03-9222-259374E40B0C}.Ad-Hoc|iPhone.Build.0 = Release|Any CPU
		{75973759-89EC-4C03-9222-259374E40B0C}.Ad-Hoc|iPhone.Deploy.0 = Release|Any CPU
		{75973759-89EC-4C03-9222-259374E40B0C}.Ad-Hoc|iPhoneSimulator.ActiveCfg = Release|Any CPU
		{75973759-89EC-4C03-9222-259374E40B0C}.Ad-Hoc|iPhoneSimulator.Build.0 = Release|Any CPU
		{75973759-89EC-4C03-9222-259374E40B0C}.Ad-Hoc|iPhoneSimulator.Deploy.0 = Release|Any CPU
		{75973759-89EC-4C03-9222-259374E40B0C}.Ad-Hoc|x64.ActiveCfg = Release|x64
		{75973759-89EC-4C03-9222-259374E40B0C}.Ad-Hoc|x64.Build.0 = Release|x64
		{75973759-89EC-4C03-9222-259374E40B0C}.Ad-Hoc|x64.Deploy.0 = Release|x64
		{75973759-89EC-4C03-9222-259374E40B0C}.Ad-Hoc|x86.ActiveCfg = Release|x86
		{75973759-89EC-4C03-9222-259374E40B0C}.Ad-Hoc|x86.Build.0 = Release|x86
		{75973759-89EC-4C03-9222-259374E40B0C}.Ad-Hoc|x86.Deploy.0 = Release|x86
		{75973759-89EC-4C03-9222-259374E40B0C}.AppStore|Any CPU.ActiveCfg = Release|Any CPU
		{75973759-89EC-4C03-9222-259374E40B0C}.AppStore|Any CPU.Build.0 = Release|Any CPU
		{75973759-89EC-4C03-9222-259374E40B0C}.AppStore|Any CPU.Deploy.0 = Release|Any CPU
		{75973759-89EC-4C03-9222-259374E40B0C}.AppStore|ARM.ActiveCfg = Release|ARM
		{75973759-89EC-4C03-9222-259374E40B0C}.AppStore|ARM.Build.0 = Release|ARM
		{75973759-89EC-4C03-9222-259374E40B0C}.AppStore|ARM.Deploy.0 = Release|ARM
		{75973759-89EC-4C03-9222-259374E40B0C}.AppStore|iPhone.ActiveCfg = Release|Any CPU
		{75973759-89EC-4C03-9222-259374E40B0C}.AppStore|iPhone.Build.0 = Release|Any CPU
		{75973759-89EC-4C03-9222-259374E40B0C}.AppStore|iPhone.Deploy.0 = Release|Any CPU
		{75973759-89EC-4C03-9222-259374E40B0C}.AppStore|iPhoneSimulator.ActiveCfg = Release|Any CPU
		{75973759-89EC-4C03-9222-259374E40B0C}.AppStore|iPhoneSimulator.Build.0 = Release|Any CPU
		{75973759-89EC-4C03-9222-259374E40B0C}.AppStore|iPhoneSimulator.Deploy.0 = Release|Any CPU
		{75973759-89EC-4C03-9222-259374E40B0C}.AppStore|x64.ActiveCfg = Release|x64
		{75973759-89EC-4C03-9222-259374E40B0C}.AppStore|x64.Build.0 = Release|x64
		{75973759-89EC-4C03-9222-259374E40B0C}.AppStore|x64.Deploy.0 = Release|x64
		{75973759-89EC-4C03-9222-259374E40B0C}.AppStore|x86.ActiveCfg = Release|x86
		{75973759-89EC-4C03-9222-259374E40B0C}.AppStore|x86.Build.0 = Release|x86
		{75973759-89EC-4C03-9222-259374E40B0C}.AppStore|x86.Deploy.0 = Release|x86
		{75973759-89EC-4C03-9222-259374E40B0C}.Debug|Any CPU.ActiveCfg = Debug|Any CPU
		{75973759-89EC-4C03-9222-259374E40B0C}.Debug|Any CPU.Build.0 = Debug|Any CPU
		{75973759-89EC-4C03-9222-259374E40B0C}.Debug|Any CPU.Deploy.0 = Debug|Any CPU
		{75973759-89EC-4C03-9222-259374E40B0C}.Debug|ARM.ActiveCfg = Debug|ARM
		{75973759-89EC-4C03-9222-259374E40B0C}.Debug|ARM.Build.0 = Debug|ARM
		{75973759-89EC-4C03-9222-259374E40B0C}.Debug|ARM.Deploy.0 = Debug|ARM
		{75973759-89EC-4C03-9222-259374E40B0C}.Debug|iPhone.ActiveCfg = Debug|Any CPU
		{75973759-89EC-4C03-9222-259374E40B0C}.Debug|iPhone.Build.0 = Debug|Any CPU
		{75973759-89EC-4C03-9222-259374E40B0C}.Debug|iPhone.Deploy.0 = Debug|Any CPU
		{75973759-89EC-4C03-9222-259374E40B0C}.Debug|iPhoneSimulator.ActiveCfg = Debug|Any CPU
		{75973759-89EC-4C03-9222-259374E40B0C}.Debug|iPhoneSimulator.Build.0 = Debug|Any CPU
		{75973759-89EC-4C03-9222-259374E40B0C}.Debug|iPhoneSimulator.Deploy.0 = Debug|Any CPU
		{75973759-89EC-4C03-9222-259374E40B0C}.Debug|x64.ActiveCfg = Debug|x64
		{75973759-89EC-4C03-9222-259374E40B0C}.Debug|x64.Build.0 = Debug|x64
		{75973759-89EC-4C03-9222-259374E40B0C}.Debug|x64.Deploy.0 = Debug|x64
		{75973759-89EC-4C03-9222-259374E40B0C}.Debug|x86.ActiveCfg = Debug|x86
		{75973759-89EC-4C03-9222-259374E40B0C}.Debug|x86.Build.0 = Debug|x86
		{75973759-89EC-4C03-9222-259374E40B0C}.Debug|x86.Deploy.0 = Debug|x86
		{75973759-89EC-4C03-9222-259374E40B0C}.Release|Any CPU.ActiveCfg = Release|Any CPU
		{75973759-89EC-4C03-9222-259374E40B0C}.Release|Any CPU.Build.0 = Release|Any CPU
		{75973759-89EC-4C03-9222-259374E40B0C}.Release|Any CPU.Deploy.0 = Release|Any CPU
		{75973759-89EC-4C03-9222-259374E40B0C}.Release|ARM.ActiveCfg = Release|ARM
		{75973759-89EC-4C03-9222-259374E40B0C}.Release|ARM.Build.0 = Release|ARM
		{75973759-89EC-4C03-9222-259374E40B0C}.Release|ARM.Deploy.0 = Release|ARM
		{75973759-89EC-4C03-9222-259374E40B0C}.Release|iPhone.ActiveCfg = Release|Any CPU
		{75973759-89EC-4C03-9222-259374E40B0C}.Release|iPhone.Build.0 = Release|Any CPU
		{75973759-89EC-4C03-9222-259374E40B0C}.Release|iPhone.Deploy.0 = Release|Any CPU
		{75973759-89EC-4C03-9222-259374E40B0C}.Release|iPhoneSimulator.ActiveCfg = Release|Any CPU
		{75973759-89EC-4C03-9222-259374E40B0C}.Release|iPhoneSimulator.Build.0 = Release|Any CPU
		{75973759-89EC-4C03-9222-259374E40B0C}.Release|iPhoneSimulator.Deploy.0 = Release|Any CPU
		{75973759-89EC-4C03-9222-259374E40B0C}.Release|x64.ActiveCfg = Release|x64
		{75973759-89EC-4C03-9222-259374E40B0C}.Release|x64.Build.0 = Release|x64
		{75973759-89EC-4C03-9222-259374E40B0C}.Release|x64.Deploy.0 = Release|x64
		{75973759-89EC-4C03-9222-259374E40B0C}.Release|x86.ActiveCfg = Release|x86
		{75973759-89EC-4C03-9222-259374E40B0C}.Release|x86.Build.0 = Release|x86
		{75973759-89EC-4C03-9222-259374E40B0C}.Release|x86.Deploy.0 = Release|x86
	EndGlobalSection
	GlobalSection(SolutionProperties) = preSolution
		HideSolutionNode = FALSE
	EndGlobalSection
EndGlobal
